
Microsoft Visual Studio Solution File, Format Version 12.00
# Visual Studio 15
VisualStudioVersion = 15.0.27703.2035
MinimumVisualStudioVersion = 10.0.40219.1
Project("{FAE04EC0-301F-11D3-BF4B-00C04F79EFBC}") = "NQuery", "QueryBuilder\NQuery.csproj", "{773D84E1-7203-4BE5-B7AD-C7D1774BD1A6}"
EndProject
Project("{FAE04EC0-301F-11D3-BF4B-00C04F79EFBC}") = "NQuery.Sample", "QueryBuilder.Sample\NQuery.Sample.csproj", "{3F1AA01F-B848-4DBD-9439-4A7D5B193DDE}"
EndProject
Global
	GlobalSection(SolutionConfigurationPlatforms) = preSolution
		Debug|Any CPU = Debug|Any CPU
		Release|Any CPU = Release|Any CPU
	EndGlobalSection
	GlobalSection(ProjectConfigurationPlatforms) = postSolution
		{773D84E1-7203-4BE5-B7AD-C7D1774BD1A6}.Debug|Any CPU.ActiveCfg = Debug|Any CPU
		{773D84E1-7203-4BE5-B7AD-C7D1774BD1A6}.Debug|Any CPU.Build.0 = Debug|Any CPU
		{773D84E1-7203-4BE5-B7AD-C7D1774BD1A6}.Release|Any CPU.ActiveCfg = Release|Any CPU
		{773D84E1-7203-4BE5-B7AD-C7D1774BD1A6}.Release|Any CPU.Build.0 = Release|Any CPU
		{3F1AA01F-B848-4DBD-9439-4A7D5B193DDE}.Debug|Any CPU.ActiveCfg = Debug|Any CPU
		{3F1AA01F-B848-4DBD-9439-4A7D5B193DDE}.Debug|Any CPU.Build.0 = Debug|Any CPU
		{3F1AA01F-B848-4DBD-9439-4A7D5B193DDE}.Release|Any CPU.ActiveCfg = Release|Any CPU
		{3F1AA01F-B848-4DBD-9439-4A7D5B193DDE}.Release|Any CPU.Build.0 = Release|Any CPU
	EndGlobalSection
	GlobalSection(SolutionProperties) = preSolution
		HideSolutionNode = FALSE
	EndGlobalSection
	GlobalSection(ExtensibilityGlobals) = postSolution
		SolutionGuid = {1A16C46F-1DD2-4C14-A226-688138398199}
	EndGlobalSection
EndGlobal
